
Microsoft Visual Studio Solution File, Format Version 12.00
# Visual Studio 15
VisualStudioVersion = 15.0.28307.852
MinimumVisualStudioVersion = 10.0.40219.1
Project("{9A19103F-16F7-4668-BE54-9A1E7A4F7556}") = "MarvelCharacters.SPA", "MarvelCharacters.SPA\MarvelCharacters.SPA.csproj", "{AC2BDACB-5773-4D98-883C-5262772B70BA}"
EndProject
Project("{2150E333-8FDC-42A3-9474-1A3956D46DE8}") = "src", "src", "{FE3BE3AE-DD47-440C-B6B3-D2617AA3D4B6}"
EndProject
Project("{FAE04EC0-301F-11D3-BF4B-00C04F79EFBC}") = "MArvelCharacters.API", "MArvelCharacters.API\MArvelCharacters.API.csproj", "{DBD9F819-56C9-4079-95D2-3B0A51A25896}"
EndProject
Global
	GlobalSection(SolutionConfigurationPlatforms) = preSolution
		Debug|Any CPU = Debug|Any CPU
		Release|Any CPU = Release|Any CPU
	EndGlobalSection
	GlobalSection(ProjectConfigurationPlatforms) = postSolution
		{AC2BDACB-5773-4D98-883C-5262772B70BA}.Debug|Any CPU.ActiveCfg = Debug|Any CPU
		{AC2BDACB-5773-4D98-883C-5262772B70BA}.Debug|Any CPU.Build.0 = Debug|Any CPU
		{AC2BDACB-5773-4D98-883C-5262772B70BA}.Release|Any CPU.ActiveCfg = Release|Any CPU
		{AC2BDACB-5773-4D98-883C-5262772B70BA}.Release|Any CPU.Build.0 = Release|Any CPU
		{DBD9F819-56C9-4079-95D2-3B0A51A25896}.Debug|Any CPU.ActiveCfg = Debug|Any CPU
		{DBD9F819-56C9-4079-95D2-3B0A51A25896}.Debug|Any CPU.Build.0 = Debug|Any CPU
		{DBD9F819-56C9-4079-95D2-3B0A51A25896}.Release|Any CPU.ActiveCfg = Release|Any CPU
		{DBD9F819-56C9-4079-95D2-3B0A51A25896}.Release|Any CPU.Build.0 = Release|Any CPU
	EndGlobalSection
	GlobalSection(SolutionProperties) = preSolution
		HideSolutionNode = FALSE
	EndGlobalSection
	GlobalSection(NestedProjects) = preSolution
		{AC2BDACB-5773-4D98-883C-5262772B70BA} = {FE3BE3AE-DD47-440C-B6B3-D2617AA3D4B6}
		{DBD9F819-56C9-4079-95D2-3B0A51A25896} = {FE3BE3AE-DD47-440C-B6B3-D2617AA3D4B6}
	EndGlobalSection
	GlobalSection(ExtensibilityGlobals) = postSolution
		SolutionGuid = {2A7A8304-CC11-4F5F-81F9-5DED0AB79E63}
	EndGlobalSection
EndGlobal
